{
  "version": 4,
  "terraform_version": "1.9.5",
  "serial": 45,
  "lineage": "f9a592f2-76ec-a2d6-a6f6-6dc7df595600",
  "outputs": {
    "gke_cluster_name": {
      "value": "study-k8s-cluster",
      "type": "string"
    },
    "postgres_instance_name": {
      "value": "study-k8s-db",
      "type": "string"
    },
    "redis_instance_name": {
      "value": "study-k8s-redis-instance",
      "type": "string"
    }
  },
  "resources": [
    {
      "mode": "managed",
      "type": "google_compute_network",
      "name": "default",
      "provider": "provider[\"registry.terraform.io/hashicorp/google\"]",
      "instances": [
        {
          "schema_version": 0,
          "attributes": {
            "auto_create_subnetworks": true,
            "delete_default_routes_on_create": false,
            "description": "",
            "enable_ula_internal_ipv6": false,
            "gateway_ipv4": "",
            "id": "projects/study-k8s-435214/global/networks/study-k8s-network",
            "internal_ipv6_range": "",
            "mtu": 0,
            "name": "study-k8s-network",
            "network_firewall_policy_enforcement_order": "AFTER_CLASSIC_FIREWALL",
            "numeric_id": "3946981472447834533",
            "project": "study-k8s-435214",
            "routing_mode": "REGIONAL",
            "self_link": "https://www.googleapis.com/compute/v1/projects/study-k8s-435214/global/networks/study-k8s-network",
            "timeouts": null
          },
          "sensitive_attributes": [],
          "private": "eyJlMmJmYjczMC1lY2FhLTExZTYtOGY4OC0zNDM2M2JjN2M0YzAiOnsiY3JlYXRlIjoxMjAwMDAwMDAwMDAwLCJkZWxldGUiOjEyMDAwMDAwMDAwMDAsInVwZGF0ZSI6MTIwMDAwMDAwMDAwMH19"
        }
      ]
    },
    {
      "mode": "managed",
      "type": "google_container_cluster",
      "name": "primary",
      "provider": "provider[\"registry.terraform.io/hashicorp/google\"]",
      "instances": [
        {
          "schema_version": 2,
          "attributes": {
            "addons_config": [
              {
                "cloudrun_config": [],
                "config_connector_config": [],
                "dns_cache_config": [],
                "gce_persistent_disk_csi_driver_config": [
                  {
                    "enabled": true
                  }
                ],
                "gcp_filestore_csi_driver_config": [],
                "gcs_fuse_csi_driver_config": [],
                "gke_backup_agent_config": [],
                "horizontal_pod_autoscaling": [],
                "http_load_balancing": [],
                "network_policy_config": [
                  {
                    "disabled": true
                  }
                ],
                "ray_operator_config": [],
                "stateful_ha_config": []
              }
            ],
            "allow_net_admin": null,
            "authenticator_groups_config": [],
            "binary_authorization": [
              {
                "enabled": false,
                "evaluation_mode": ""
              }
            ],
            "cluster_autoscaling": [
              {
                "auto_provisioning_defaults": [],
                "auto_provisioning_locations": [],
                "autoscaling_profile": "BALANCED",
                "enabled": false,
                "resource_limits": []
              }
            ],
            "cluster_ipv4_cidr": "10.52.0.0/14",
            "confidential_nodes": [],
            "cost_management_config": [],
            "database_encryption": [
              {
                "key_name": "",
                "state": "DECRYPTED"
              }
            ],
            "datapath_provider": "",
            "default_max_pods_per_node": 110,
            "default_snat_status": [
              {
                "disabled": false
              }
            ],
            "deletion_protection": false,
            "description": "",
            "dns_config": [],
            "effective_labels": {
              "goog-terraform-provisioned": "true"
            },
            "enable_autopilot": false,
            "enable_cilium_clusterwide_network_policy": false,
            "enable_intranode_visibility": false,
            "enable_k8s_beta_apis": [],
            "enable_kubernetes_alpha": false,
            "enable_l4_ilb_subsetting": false,
            "enable_legacy_abac": false,
            "enable_multi_networking": false,
            "enable_shielded_nodes": true,
            "enable_tpu": false,
            "endpoint": "34.78.245.73",
            "fleet": [],
            "gateway_api_config": [],
            "id": "projects/study-k8s-435214/locations/europe-west1/clusters/study-k8s-cluster",
            "identity_service_config": [],
            "initial_node_count": 1,
            "ip_allocation_policy": [
              {
                "additional_pod_ranges_config": [],
                "cluster_ipv4_cidr_block": "10.52.0.0/14",
                "cluster_secondary_range_name": "gke-study-k8s-cluster-pods-d6ba6419",
                "pod_cidr_overprovision_config": [
                  {
                    "disabled": false
                  }
                ],
                "services_ipv4_cidr_block": "34.118.224.0/20",
                "services_secondary_range_name": "",
                "stack_type": "IPV4"
              }
            ],
            "label_fingerprint": "78cdf2f6",
            "location": "europe-west1",
            "logging_config": [
              {
                "enable_components": [
                  "SYSTEM_COMPONENTS",
                  "WORKLOADS"
                ]
              }
            ],
            "logging_service": "logging.googleapis.com/kubernetes",
            "maintenance_policy": [],
            "master_auth": [
              {
                "client_certificate": "",
                "client_certificate_config": [
                  {
                    "issue_client_certificate": false
                  }
                ],
                "client_key": "",
                "cluster_ca_certificate": "LS0tLS1CRUdJTiBDRVJUSUZJQ0FURS0tLS0tCk1JSUVMRENDQXBTZ0F3SUJBZ0lRV1Rta1diUUwycWJyaDJpdi9CcUFqekFOQmdrcWhraUc5dzBCQVFzRkFEQXYKTVMwd0t3WURWUVFERXlRM1lXWTBNelk1WVMwek1XSTNMVFEwWW1JdFlUWXlNeTFtTmpRek1HRXdaREE1WkdNdwpJQmNOTWpRd09URXdNVGd3TURJM1doZ1BNakExTkRBNU1ETXhPVEF3TWpkYU1DOHhMVEFyQmdOVkJBTVRKRGRoClpqUXpOamxoTFRNeFlqY3RORFJpWWkxaE5qSXpMV1kyTkRNd1lUQmtNRGxrWXpDQ0FhSXdEUVlKS29aSWh2Y04KQVFFQkJRQURnZ0dQQURDQ0FZb0NnZ0dCQUxTTW9aYU9BOW5LREVvdHRHSnp4VFpWYnhycHU3WGtJa21BeFIwWAphQkJGaWQ4U2pZbExHR0x6SjhJL2FoVTM3R3JrTE9lbVN1ZE15bWhwZk9yaGJzdzJRY3hudTJRTXNpNm00MkIyCk1DNjg4V1I2VW11TjRPbDNtcW9GNFluaWZOUUNqRkg1VXkvWC9FSzFLdnhCc2JEVXIvY1ppTjZqcS8rZ0xmTTUKVlR1cFU1TCthcG9scm1qQXhsRmYyWE9zVWZEOURvYjN5a1RZYlEySUdsOTNUeUdxdWk3cTROREVLRFp5STVpUgpKVnEwTzFzUGcwSURjdjl0MEdhU0lyREJoZHNaUFRsRzVjcUZHNXZCKzlpY1MyRVcwUDYyV2R2ejlMekdnWFFGCkRBVElRcE4yTE0zWk5xdmtKbS85NnRTRTRFYnR0a25tcTBQMEg4QThtNGdSTjFwcnQxalFqYmtTL3gzekFtNHEKSFV0YkJ4VDhQQmwwWElVNi94dkdrMHB6bVNwWWFYdnlvWGVranB6N2Z5VG9scnY5VVVubzFLUUptU3p5aW4xRQpvems3di91R0FNS1hHKy8zemhvR1FndmhNMGR3dzg4S3VBUlh5dGZZdnFFa2pLL3FPenUvSU1ycnlrdUpzelJjCk9qaXYvenhabVhFRlNMYVUrRWZubXFCdW5RSURBUUFCbzBJd1FEQU9CZ05WSFE4QkFmOEVCQU1DQWdRd0R3WUQKVlIwVEFRSC9CQVV3QXdFQi96QWRCZ05WSFE0RUZnUVVOWjhQNjEzLzFXNWpaWm81L2dKVVU5eUhUVFV3RFFZSgpLb1pJaHZjTkFRRUxCUUFEZ2dHQkFDeEQ2RDB6ZmtBbFAzcXgwaTk3OHpvOEVrWWI4NUpXWS9sT3Jkc3NEMGdPCndVQzYxN21ndjI2dEp1aCtkZElJWllpa3lBV1d5ZWZXZG5DNVlJVVhYM2xYdldZK2dicFNETVRIZ0toSDZieDEKK2tFaHBna0kyUmZwN1EwbTMvaXF6MXVoTlMwOEV4Q2VaVjNabEMrYXp0VGlPUk1wUXlXZFVIbnB4V0w2ZG10YwpGSWFoN1BhaGVQOEdSYkVLWHdlWDl0T2RjeDdsN0p1Nlg4NUtidnBHVWh0emx2UExpckFVamxWbStlMTZhNVdoCm51c1hrcCs5R2d2OGZlM0lOdnB6QmppNTF5Vk1rakxlbnpBeklnTDNNOTV3aktZOGl0WldFckQ2eGZnSUU3WDcKclViZllRbnh2YXl6ME95K1pSemp0Yjg1SEMwZkNvV2k1cDZYemVseG9WZDNWczN4cW5SWmVETVR0MDNsMjRZdQpYVUk2ZlpoYkZSdDM0ZVBDV3hXWDU5RXgyK3o0VmZDMm1FTlFwMTZWNHljY3FqWmtVSnVRS3U0UFR6OG5PRDdPCmpib0dwL3Y2ZGtFd0gyY3VueE1oamR0ckdSOVRuQ3hKQTU3aDdQa1dqTzRwT2hTK0pCRExlQ05vMEEweVoxbkMKc25ULy92aHJkdzQxUG9jK0FFdDlHdz09Ci0tLS0tRU5EIENFUlRJRklDQVRFLS0tLS0K"
              }
            ],
            "master_authorized_networks_config": [],
            "master_version": "1.30.3-gke.1639000",
            "mesh_certificates": [],
            "min_master_version": null,
            "monitoring_config": [
              {
                "advanced_datapath_observability_config": [
                  {
                    "enable_metrics": false,
                    "enable_relay": false
                  }
                ],
                "enable_components": [
                  "SYSTEM_COMPONENTS",
                  "STORAGE",
                  "HPA",
                  "POD",
                  "DAEMONSET",
                  "DEPLOYMENT",
                  "STATEFULSET",
                  "CADVISOR",
                  "KUBELET"
                ],
                "managed_prometheus": [
                  {
                    "enabled": true
                  }
                ]
              }
            ],
            "monitoring_service": "monitoring.googleapis.com/kubernetes",
            "name": "study-k8s-cluster",
            "network": "projects/study-k8s-435214/global/networks/default",
            "network_policy": [
              {
                "enabled": false,
                "provider": "PROVIDER_UNSPECIFIED"
              }
            ],
            "networking_mode": "VPC_NATIVE",
            "node_config": [
              {
                "advanced_machine_features": [],
                "boot_disk_kms_key": "",
                "confidential_nodes": [],
                "containerd_config": [],
                "disk_size_gb": 16,
                "disk_type": "pd-balanced",
                "effective_taints": [],
                "enable_confidential_storage": false,
                "ephemeral_storage_local_ssd_config": [],
                "fast_socket": [],
                "gcfs_config": [],
                "guest_accelerator": [],
                "gvnic": [],
                "host_maintenance_policy": [],
                "image_type": "COS_CONTAINERD",
                "kubelet_config": [],
                "labels": {},
                "linux_node_config": [],
                "local_nvme_ssd_block_config": [],
                "local_ssd_count": 0,
                "logging_variant": "DEFAULT",
                "machine_type": "e2-micro",
                "metadata": {
                  "disable-legacy-endpoints": "true"
                },
                "min_cpu_platform": "",
                "node_group": "",
                "oauth_scopes": [
                  "https://www.googleapis.com/auth/cloud-platform"
                ],
                "preemptible": false,
                "reservation_affinity": [],
                "resource_labels": null,
                "resource_manager_tags": null,
                "secondary_boot_disks": [],
                "service_account": "default",
                "shielded_instance_config": [
                  {
                    "enable_integrity_monitoring": true,
                    "enable_secure_boot": false
                  }
                ],
                "sole_tenant_config": [],
                "spot": false,
                "tags": null,
                "taint": [],
                "workload_metadata_config": []
              }
            ],
            "node_locations": [
              "europe-west1-b",
              "europe-west1-c",
              "europe-west1-d"
            ],
            "node_pool": [
              {
                "autoscaling": [],
                "initial_node_count": 1,
                "instance_group_urls": [
                  "https://www.googleapis.com/compute/v1/projects/study-k8s-435214/zones/europe-west1-d/instanceGroupManagers/gke-study-k8s-cluster-default-pool-81961776-grp",
                  "https://www.googleapis.com/compute/v1/projects/study-k8s-435214/zones/europe-west1-b/instanceGroupManagers/gke-study-k8s-cluster-default-pool-bb8e1d42-grp",
                  "https://www.googleapis.com/compute/v1/projects/study-k8s-435214/zones/europe-west1-c/instanceGroupManagers/gke-study-k8s-cluster-default-pool-d840bd8b-grp"
                ],
                "managed_instance_group_urls": [
                  "https://www.googleapis.com/compute/v1/projects/study-k8s-435214/zones/europe-west1-d/instanceGroups/gke-study-k8s-cluster-default-pool-81961776-grp",
                  "https://www.googleapis.com/compute/v1/projects/study-k8s-435214/zones/europe-west1-b/instanceGroups/gke-study-k8s-cluster-default-pool-bb8e1d42-grp",
                  "https://www.googleapis.com/compute/v1/projects/study-k8s-435214/zones/europe-west1-c/instanceGroups/gke-study-k8s-cluster-default-pool-d840bd8b-grp"
                ],
                "management": [
                  {
                    "auto_repair": true,
                    "auto_upgrade": true
                  }
                ],
                "max_pods_per_node": 110,
                "name": "default-pool",
                "name_prefix": "",
                "network_config": [
                  {
                    "additional_node_network_configs": [],
                    "additional_pod_network_configs": [],
                    "create_pod_range": false,
                    "enable_private_nodes": false,
                    "network_performance_config": [],
                    "pod_cidr_overprovision_config": [],
                    "pod_ipv4_cidr_block": "10.52.0.0/14",
                    "pod_range": "gke-study-k8s-cluster-pods-d6ba6419"
                  }
                ],
                "node_config": [
                  {
                    "advanced_machine_features": [],
                    "boot_disk_kms_key": "",
                    "confidential_nodes": [],
                    "containerd_config": [],
                    "disk_size_gb": 16,
                    "disk_type": "pd-balanced",
                    "effective_taints": [],
                    "enable_confidential_storage": false,
                    "ephemeral_storage_local_ssd_config": [],
                    "fast_socket": [],
                    "gcfs_config": [],
                    "guest_accelerator": [],
                    "gvnic": [],
                    "host_maintenance_policy": [],
                    "image_type": "COS_CONTAINERD",
                    "kubelet_config": [],
                    "labels": {},
                    "linux_node_config": [],
                    "local_nvme_ssd_block_config": [],
                    "local_ssd_count": 0,
                    "logging_variant": "DEFAULT",
                    "machine_type": "e2-micro",
                    "metadata": {
                      "disable-legacy-endpoints": "true"
                    },
                    "min_cpu_platform": "",
                    "node_group": "",
                    "oauth_scopes": [
                      "https://www.googleapis.com/auth/cloud-platform"
                    ],
                    "preemptible": false,
                    "reservation_affinity": [],
                    "resource_labels": {},
                    "resource_manager_tags": {},
                    "secondary_boot_disks": [],
                    "service_account": "default",
                    "shielded_instance_config": [
                      {
                        "enable_integrity_monitoring": true,
                        "enable_secure_boot": false
                      }
                    ],
                    "sole_tenant_config": [],
                    "spot": false,
                    "tags": [],
                    "taint": [],
                    "workload_metadata_config": []
                  }
                ],
                "node_count": 1,
                "node_locations": [
                  "europe-west1-b",
                  "europe-west1-c",
                  "europe-west1-d"
                ],
                "placement_policy": [],
                "queued_provisioning": [],
                "upgrade_settings": [
                  {
                    "blue_green_settings": [],
                    "max_surge": 1,
                    "max_unavailable": 0,
                    "strategy": "SURGE"
                  }
                ],
                "version": "1.30.3-gke.1639000"
              }
            ],
            "node_pool_auto_config": [],
            "node_pool_defaults": [
              {
                "node_config_defaults": [
                  {
                    "containerd_config": [],
                    "insecure_kubelet_readonly_port_enabled": "FALSE",
                    "logging_variant": "DEFAULT"
                  }
                ]
              }
            ],
            "node_version": "1.30.3-gke.1639000",
            "notification_config": [
              {
                "pubsub": [
                  {
                    "enabled": false,
                    "filter": [],
                    "topic": ""
                  }
                ]
              }
            ],
            "operation": null,
            "private_cluster_config": [
              {
                "enable_private_endpoint": false,
                "enable_private_nodes": false,
                "master_global_access_config": [
                  {
                    "enabled": false
                  }
                ],
                "master_ipv4_cidr_block": "",
                "peering_name": "",
                "private_endpoint": "10.132.0.15",
                "private_endpoint_subnetwork": "",
                "public_endpoint": "34.78.245.73"
              }
            ],
            "private_ipv6_google_access": "",
            "project": "study-k8s-435214",
            "release_channel": [
              {
                "channel": "REGULAR"
              }
            ],
            "remove_default_node_pool": null,
            "resource_labels": null,
            "resource_usage_export_config": [],
            "secret_manager_config": [
              {
                "enabled": false
              }
            ],
            "security_posture_config": [
              {
                "mode": "BASIC",
                "vulnerability_mode": "VULNERABILITY_MODE_UNSPECIFIED"
              }
            ],
            "self_link": "https://container.googleapis.com/v1/projects/study-k8s-435214/locations/europe-west1/clusters/study-k8s-cluster",
            "service_external_ips_config": [
              {
                "enabled": false
              }
            ],
            "services_ipv4_cidr": "34.118.224.0/20",
            "subnetwork": "projects/study-k8s-435214/regions/europe-west1/subnetworks/default",
            "terraform_labels": {
              "goog-terraform-provisioned": "true"
            },
            "timeouts": null,
            "tpu_ipv4_cidr_block": "",
            "vertical_pod_autoscaling": [],
            "workload_identity_config": []
          },
          "sensitive_attributes": [
            [
              {
                "type": "get_attr",
                "value": "master_auth"
              },
              {
                "type": "index",
                "value": {
                  "value": 0,
                  "type": "number"
                }
              },
              {
                "type": "get_attr",
                "value": "client_key"
              }
            ]
          ],
          "private": "eyJlMmJmYjczMC1lY2FhLTExZTYtOGY4OC0zNDM2M2JjN2M0YzAiOnsiY3JlYXRlIjoyNDAwMDAwMDAwMDAwLCJkZWxldGUiOjI0MDAwMDAwMDAwMDAsInJlYWQiOjI0MDAwMDAwMDAwMDAsInVwZGF0ZSI6MzYwMDAwMDAwMDAwMH0sInNjaGVtYV92ZXJzaW9uIjoiMiJ9"
        }
      ]
    },
    {
      "mode": "managed",
      "type": "google_project_iam_binding",
      "name": "secret_access",
      "provider": "provider[\"registry.terraform.io/hashicorp/google\"]",
      "instances": [
        {
          "schema_version": 0,
          "attributes": {
            "condition": [],
            "etag": "BwYhx+vqRJU=",
            "id": "study-k8s-435214/roles/secretmanager.secretAccessor",
            "members": [
              "serviceAccount:gke-secret-manager@study-k8s-435214.iam.gserviceaccount.com"
            ],
            "project": "study-k8s-435214",
            "role": "roles/secretmanager.secretAccessor"
          },
          "sensitive_attributes": [],
          "private": "bnVsbA==",
          "dependencies": [
            "google_service_account.gke_service_account"
          ]
        }
      ]
    },
    {
      "mode": "managed",
      "type": "google_redis_instance",
      "name": "study-k8s-redis",
      "provider": "provider[\"registry.terraform.io/hashicorp/google\"]",
      "instances": [
        {
          "schema_version": 0,
          "attributes": {
            "alternative_location_id": "",
            "auth_enabled": false,
            "auth_string": "",
            "authorized_network": "projects/study-k8s-435214/global/networks/default",
            "connect_mode": "DIRECT_PEERING",
            "create_time": "2024-09-10T18:07:20.059711023Z",
            "current_location_id": "europe-west1-b",
            "customer_managed_key": "",
            "display_name": "",
            "effective_labels": {
              "goog-terraform-provisioned": "true"
            },
            "host": "10.80.2.187",
            "id": "projects/study-k8s-435214/locations/europe-west1/instances/study-k8s-redis-instance",
            "labels": {},
            "location_id": "europe-west1-b",
            "maintenance_policy": [],
            "maintenance_schedule": [],
            "maintenance_version": "20240411_00_00",
            "memory_size_gb": 1,
            "name": "study-k8s-redis-instance",
            "nodes": [
              {
                "id": "node-0",
                "zone": "europe-west1-b"
              }
            ],
            "persistence_config": [
              {
                "persistence_mode": "DISABLED",
                "rdb_next_snapshot_time": "",
                "rdb_snapshot_period": "",
                "rdb_snapshot_start_time": ""
              }
            ],
            "persistence_iam_identity": "serviceAccount:service-264771760366@cloud-redis.iam.gserviceaccount.com",
            "port": 6379,
            "project": "study-k8s-435214",
            "read_endpoint": "",
            "read_endpoint_port": 0,
            "read_replicas_mode": "READ_REPLICAS_DISABLED",
            "redis_configs": {},
            "redis_version": "REDIS_7_0",
            "region": "europe-west1",
            "replica_count": 0,
            "reserved_ip_range": null,
            "secondary_ip_range": "",
            "server_ca_certs": [],
            "terraform_labels": {
              "goog-terraform-provisioned": "true"
            },
            "tier": "BASIC",
            "timeouts": null,
            "transit_encryption_mode": "DISABLED"
          },
          "sensitive_attributes": [
            [
              {
                "type": "get_attr",
                "value": "auth_string"
              }
            ]
          ],
          "private": "eyJlMmJmYjczMC1lY2FhLTExZTYtOGY4OC0zNDM2M2JjN2M0YzAiOnsiY3JlYXRlIjoxMjAwMDAwMDAwMDAwLCJkZWxldGUiOjEyMDAwMDAwMDAwMDAsInVwZGF0ZSI6MTIwMDAwMDAwMDAwMH19"
        }
      ]
    },
    {
      "mode": "managed",
      "type": "google_service_account",
      "name": "gke_service_account",
      "provider": "provider[\"registry.terraform.io/hashicorp/google\"]",
      "instances": [
        {
          "schema_version": 0,
          "attributes": {
            "account_id": "gke-secret-manager",
            "create_ignore_already_exists": null,
            "description": "",
            "disabled": false,
            "display_name": "GKE Secret Manager Access",
            "email": "gke-secret-manager@study-k8s-435214.iam.gserviceaccount.com",
            "id": "projects/study-k8s-435214/serviceAccounts/gke-secret-manager@study-k8s-435214.iam.gserviceaccount.com",
            "member": "serviceAccount:gke-secret-manager@study-k8s-435214.iam.gserviceaccount.com",
            "name": "projects/study-k8s-435214/serviceAccounts/gke-secret-manager@study-k8s-435214.iam.gserviceaccount.com",
            "project": "study-k8s-435214",
            "timeouts": null,
            "unique_id": "117366113243729998523"
          },
          "sensitive_attributes": [],
          "private": "eyJlMmJmYjczMC1lY2FhLTExZTYtOGY4OC0zNDM2M2JjN2M0YzAiOnsiY3JlYXRlIjozMDAwMDAwMDAwMDB9fQ=="
        }
      ]
    }
  ],
  "check_results": null
}
